// !$*UTF8*$!
{
	archiveVersion = 1;
	classes = {
	};
	objectVersion = 50;
	objects = {

/* Begin PBXBuildFile section */
		967977B72396D2B500ADF0DD /* CategoryViewController.swift in Sources */ = {isa = PBXBuildFile; fileRef = 967977B62396D2B500ADF0DD /* CategoryViewController.swift */; };
		969EB13F238DBE1A00A0AF9C /* AppDelegate.swift in Sources */ = {isa = PBXBuildFile; fileRef = 969EB13E238DBE1A00A0AF9C /* AppDelegate.swift */; };
		969EB141238DBE1A00A0AF9C /* SceneDelegate.swift in Sources */ = {isa = PBXBuildFile; fileRef = 969EB140238DBE1A00A0AF9C /* SceneDelegate.swift */; };
		969EB143238DBE1A00A0AF9C /* TodoListViewController.swift in Sources */ = {isa = PBXBuildFile; fileRef = 969EB142238DBE1A00A0AF9C /* TodoListViewController.swift */; };
		969EB146238DBE1A00A0AF9C /* Main.storyboard in Resources */ = {isa = PBXBuildFile; fileRef = 969EB144238DBE1A00A0AF9C /* Main.storyboard */; };
		969EB148238DBE1C00A0AF9C /* Assets.xcassets in Resources */ = {isa = PBXBuildFile; fileRef = 969EB147238DBE1C00A0AF9C /* Assets.xcassets */; };
		969EB14B238DBE1C00A0AF9C /* LaunchScreen.storyboard in Resources */ = {isa = PBXBuildFile; fileRef = 969EB149238DBE1C00A0AF9C /* LaunchScreen.storyboard */; };
		96A2BD692395A68E00BFA485 /* DataModel.xcdatamodeld in Sources */ = {isa = PBXBuildFile; fileRef = 96A2BD672395A68E00BFA485 /* DataModel.xcdatamodeld */; };
		D58B1F2A084640BE70B3A2DF /* Pods_Todoey.framework in Frameworks */ = {isa = PBXBuildFile; fileRef = 0DE1344AC47666D5613BC2CB /* Pods_Todoey.framework */; };
/* End PBXBuildFile section */

/* Begin PBXFileReference section */
		0C9D9DA05F8DBE0EE8A1D24A /* Pods-Todoey.debug.xcconfig */ = {isa = PBXFileReference; includeInIndex = 1; lastKnownFileType = text.xcconfig; name = "Pods-Todoey.debug.xcconfig"; path = "Target Support Files/Pods-Todoey/Pods-Todoey.debug.xcconfig"; sourceTree = "<group>"; };
		0DE1344AC47666D5613BC2CB /* Pods_Todoey.framework */ = {isa = PBXFileReference; explicitFileType = wrapper.framework; includeInIndex = 0; path = Pods_Todoey.framework; sourceTree = BUILT_PRODUCTS_DIR; };
		60693E82529097ADF1AEEA21 /* Pods-Todoey.release.xcconfig */ = {isa = PBXFileReference; includeInIndex = 1; lastKnownFileType = text.xcconfig; name = "Pods-Todoey.release.xcconfig"; path = "Target Support Files/Pods-Todoey/Pods-Todoey.release.xcconfig"; sourceTree = "<group>"; };
		967977B62396D2B500ADF0DD /* CategoryViewController.swift */ = {isa = PBXFileReference; lastKnownFileType = sourcecode.swift; path = CategoryViewController.swift; sourceTree = "<group>"; };
		969EB13B238DBE1A00A0AF9C /* Todoey.app */ = {isa = PBXFileReference; explicitFileType = wrapper.application; includeInIndex = 0; path = Todoey.app; sourceTree = BUILT_PRODUCTS_DIR; };
		969EB13E238DBE1A00A0AF9C /* AppDelegate.swift */ = {isa = PBXFileReference; lastKnownFileType = sourcecode.swift; path = AppDelegate.swift; sourceTree = "<group>"; };
		969EB140238DBE1A00A0AF9C /* SceneDelegate.swift */ = {isa = PBXFileReference; lastKnownFileType = sourcecode.swift; path = SceneDelegate.swift; sourceTree = "<group>"; };
		969EB142238DBE1A00A0AF9C /* TodoListViewController.swift */ = {isa = PBXFileReference; lastKnownFileType = sourcecode.swift; path = TodoListViewController.swift; sourceTree = "<group>"; };
		969EB145238DBE1A00A0AF9C /* Base */ = {isa = PBXFileReference; lastKnownFileType = file.storyboard; name = Base; path = Base.lproj/Main.storyboard; sourceTree = "<group>"; };
		969EB147238DBE1C00A0AF9C /* Assets.xcassets */ = {isa = PBXFileReference; lastKnownFileType = folder.assetcatalog; path = Assets.xcassets; sourceTree = "<group>"; };
		969EB14A238DBE1C00A0AF9C /* Base */ = {isa = PBXFileReference; lastKnownFileType = file.storyboard; name = Base; path = Base.lproj/LaunchScreen.storyboard; sourceTree = "<group>"; };
		969EB14C238DBE1C00A0AF9C /* Info.plist */ = {isa = PBXFileReference; lastKnownFileType = text.plist.xml; path = Info.plist; sourceTree = "<group>"; };
		96A2BD682395A68E00BFA485 /* DataModel.xcdatamodel */ = {isa = PBXFileReference; lastKnownFileType = wrapper.xcdatamodel; path = DataModel.xcdatamodel; sourceTree = "<group>"; };
/* End PBXFileReference section */

/* Begin PBXFrameworksBuildPhase section */
		969EB138238DBE1A00A0AF9C /* Frameworks */ = {
			isa = PBXFrameworksBuildPhase;
			buildActionMask = 2147483647;
			files = (
				D58B1F2A084640BE70B3A2DF /* Pods_Todoey.framework in Frameworks */,
			);
			runOnlyForDeploymentPostprocessing = 0;
		};
/* End PBXFrameworksBuildPhase section */

/* Begin PBXGroup section */
		22BA1138C7B8719F667270D8 /* Pods */ = {
			isa = PBXGroup;
			children = (
				0C9D9DA05F8DBE0EE8A1D24A /* Pods-Todoey.debug.xcconfig */,
				60693E82529097ADF1AEEA21 /* Pods-Todoey.release.xcconfig */,
			);
			name = Pods;
			path = Pods;
			sourceTree = "<group>";
		};
		4956DD6982ED4CBF329CB31C /* Frameworks */ = {
			isa = PBXGroup;
			children = (
				0DE1344AC47666D5613BC2CB /* Pods_Todoey.framework */,
			);
			name = Frameworks;
			sourceTree = "<group>";
		};
		969EB132238DBE1A00A0AF9C = {
			isa = PBXGroup;
			children = (
				969EB13D238DBE1A00A0AF9C /* Todoey */,
				969EB13C238DBE1A00A0AF9C /* Products */,
				22BA1138C7B8719F667270D8 /* Pods */,
				4956DD6982ED4CBF329CB31C /* Frameworks */,
			);
			sourceTree = "<group>";
		};
		969EB13C238DBE1A00A0AF9C /* Products */ = {
			isa = PBXGroup;
			children = (
				969EB13B238DBE1A00A0AF9C /* Todoey.app */,
			);
			name = Products;
			sourceTree = "<group>";
		};
		969EB13D238DBE1A00A0AF9C /* Todoey */ = {
			isa = PBXGroup;
			children = (
				969EB13E238DBE1A00A0AF9C /* AppDelegate.swift */,
				969EB140238DBE1A00A0AF9C /* SceneDelegate.swift */,
				96A2BD622395939100BFA485 /* Model */,
				96A2BD652395941600BFA485 /* Controller */,
				96A2BD662395942300BFA485 /* Views */,
				969EB147238DBE1C00A0AF9C /* Assets.xcassets */,
				969EB149238DBE1C00A0AF9C /* LaunchScreen.storyboard */,
				969EB14C238DBE1C00A0AF9C /* Info.plist */,
			);
			path = Todoey;
			sourceTree = "<group>";
		};
		96A2BD622395939100BFA485 /* Model */ = {
			isa = PBXGroup;
			children = (
				96A2BD672395A68E00BFA485 /* DataModel.xcdatamodeld */,
			);
			path = Model;
			sourceTree = "<group>";
		};
		96A2BD652395941600BFA485 /* Controller */ = {
			isa = PBXGroup;
			children = (
				967977B62396D2B500ADF0DD /* CategoryViewController.swift */,
				969EB142238DBE1A00A0AF9C /* TodoListViewController.swift */,
			);
			path = Controller;
			sourceTree = "<group>";
		};
		96A2BD662395942300BFA485 /* Views */ = {
			isa = PBXGroup;
			children = (
				969EB144238DBE1A00A0AF9C /* Main.storyboard */,
			);
			path = Views;
			sourceTree = "<group>";
		};
/* End PBXGroup section */

/* Begin PBXNativeTarget section */
		969EB13A238DBE1A00A0AF9C /* Todoey */ = {
			isa = PBXNativeTarget;
			buildConfigurationList = 969EB14F238DBE1C00A0AF9C /* Build configuration list for PBXNativeTarget "Todoey" */;
			buildPhases = (
				51CDB886F2EEFCD2817F60F5 /* [CP] Check Pods Manifest.lock */,
				969EB137238DBE1A00A0AF9C /* Sources */,
				969EB138238DBE1A00A0AF9C /* Frameworks */,
				969EB139238DBE1A00A0AF9C /* Resources */,
				F4F5CF308923523409C5B522 /* [CP] Embed Pods Frameworks */,
			);
			buildRules = (
			);
			dependencies = (
			);
			name = Todoey;
			productName = Todoey;
			productReference = 969EB13B238DBE1A00A0AF9C /* Todoey.app */;
			productType = "com.apple.product-type.application";
		};
/* End PBXNativeTarget section */

/* Begin PBXProject section */
		969EB133238DBE1A00A0AF9C /* Project object */ = {
			isa = PBXProject;
			attributes = {
				LastSwiftUpdateCheck = 1120;
				LastUpgradeCheck = 1120;
				ORGANIZATIONNAME = "Jason Bronson";
				TargetAttributes = {
					969EB13A238DBE1A00A0AF9C = {
						CreatedOnToolsVersion = 11.2.1;
					};
				};
			};
			buildConfigurationList = 969EB136238DBE1A00A0AF9C /* Build configuration list for PBXProject "Todoey" */;
			compatibilityVersion = "Xcode 9.3";
			developmentRegion = en;
			hasScannedForEncodings = 0;
			knownRegions = (
				en,
				Base,
			);
			mainGroup = 969EB132238DBE1A00A0AF9C;
			productRefGroup = 969EB13C238DBE1A00A0AF9C /* Products */;
			projectDirPath = "";
			projectRoot = "";
			targets = (
				969EB13A238DBE1A00A0AF9C /* Todoey */,
			);
		};
/* End PBXProject section */

/* Begin PBXResourcesBuildPhase section */
		969EB139238DBE1A00A0AF9C /* Resources */ = {
			isa = PBXResourcesBuildPhase;
			buildActionMask = 2147483647;
			files = (
				969EB14B238DBE1C00A0AF9C /* LaunchScreen.storyboard in Resources */,
				969EB148238DBE1C00A0AF9C /* Assets.xcassets in Resources */,
				969EB146238DBE1A00A0AF9C /* Main.storyboard in Resources */,
			);
			runOnlyForDeploymentPostprocessing = 0;
		};
/* End PBXResourcesBuildPhase section */

/* Begin PBXShellScriptBuildPhase section */
		51CDB886F2EEFCD2817F60F5 /* [CP] Check Pods Manifest.lock */ = {
			isa = PBXShellScriptBuildPhase;
			buildActionMask = 2147483647;
			files = (
			);
			inputFileListPaths = (
			);
			inputPaths = (
				"${PODS_PODFILE_DIR_PATH}/Podfile.lock",
				"${PODS_ROOT}/Manifest.lock",
			);
			name = "[CP] Check Pods Manifest.lock";
			outputFileListPaths = (
			);
			outputPaths = (
				"$(DERIVED_FILE_DIR)/Pods-Todoey-checkManifestLockResult.txt",
			);
			runOnlyForDeploymentPostprocessing = 0;
			shellPath = /bin/sh;
			shellScript = "diff \"${PODS_PODFILE_DIR_PATH}/Podfile.lock\" \"${PODS_ROOT}/Manifest.lock\" > /dev/null\nif [ $? != 0 ] ; then\n    # print error to STDERR\n    echo \"error: The sandbox is not in sync with the Podfile.lock. Run 'pod install' or update your CocoaPods installation.\" >&2\n    exit 1\nfi\n# This output is used by Xcode 'outputs' to avoid re-running this script phase.\necho \"SUCCESS\" > \"${SCRIPT_OUTPUT_FILE_0}\"\n";
			showEnvVarsInLog = 0;
		};
		F4F5CF308923523409C5B522 /* [CP] Embed Pods Frameworks */ = {
			isa = PBXShellScriptBuildPhase;
			buildActionMask = 2147483647;
			files = (
			);
			inputFileListPaths = (
				"${PODS_ROOT}/Target Support Files/Pods-Todoey/Pods-Todoey-frameworks-${CONFIGURATION}-input-files.xcfilelist",
			);
			name = "[CP] Embed Pods Frameworks";
			outputFileListPaths = (
				"${PODS_ROOT}/Target Support Files/Pods-Todoey/Pods-Todoey-frameworks-${CONFIGURATION}-output-files.xcfilelist",
			);
			runOnlyForDeploymentPostprocessing = 0;
			shellPath = /bin/sh;
			shellScript = "\"${PODS_ROOT}/Target Support Files/Pods-Todoey/Pods-Todoey-frameworks.sh\"\n";
			showEnvVarsInLog = 0;
		};
/* End PBXShellScriptBuildPhase section */

/* Begin PBXSourcesBuildPhase section */
		969EB137238DBE1A00A0AF9C /* Sources */ = {
			isa = PBXSourcesBuildPhase;
			buildActionMask = 2147483647;
			files = (
				967977B72396D2B500ADF0DD /* CategoryViewController.swift in Sources */,
				96A2BD692395A68E00BFA485 /* DataModel.xcdatamodeld in Sources */,
				969EB143238DBE1A00A0AF9C /* TodoListViewController.swift in Sources */,
				969EB13F238DBE1A00A0AF9C /* AppDelegate.swift in Sources */,
				969EB141238DBE1A00A0AF9C /* SceneDelegate.swift in Sources */,
			);
			runOnlyForDeploymentPostprocessing = 0;
		};
/* End PBXSourcesBuildPhase section */

/* Begin PBXVariantGroup section */
		969EB144238DBE1A00A0AF9C /* Main.storyboard */ = {
			isa = PBXVariantGroup;
			children = (
				969EB145238DBE1A00A0AF9C /* Base */,
			);
			name = Main.storyboard;
			sourceTree = "<group>";
		};
		969EB149238DBE1C00A0AF9C /* LaunchScreen.storyboard */ = {
			isa = PBXVariantGroup;
			children = (
				969EB14A238DBE1C00A0AF9C /* Base */,
			);
			name = LaunchScreen.storyboard;
			sourceTree = "<group>";
		};
/* End PBXVariantGroup section */

/* Begin XCBuildConfiguration section */
		969EB14D238DBE1C00A0AF9C /* Debug */ = {
			isa = XCBuildConfiguration;
			buildSettings = {
				ALWAYS_SEARCH_USER_PATHS = NO;
				CLANG_ANALYZER_NONNULL = YES;
				CLANG_ANALYZER_NUMBER_OBJECT_CONVERSION = YES_AGGRESSIVE;
				CLANG_CXX_LANGUAGE_STANDARD = "gnu++14";
				CLANG_CXX_LIBRARY = "libc++";
				CLANG_ENABLE_MODULES = YES;
				CLANG_ENABLE_OBJC_ARC = YES;
				CLANG_ENABLE_OBJC_WEAK = YES;
				CLANG_WARN_BLOCK_CAPTURE_AUTORELEASING = YES;
				CLANG_WARN_BOOL_CONVERSION = YES;
				CLANG_WARN_COMMA = YES;
				CLANG_WARN_CONSTANT_CONVERSION = YES;
				CLANG_WARN_DEPRECATED_OBJC_IMPLEMENTATIONS = YES;
				CLANG_WARN_DIRECT_OBJC_ISA_USAGE = YES_ERROR;
				CLANG_WARN_DOCUMENTATION_COMMENTS = YES;
				CLANG_WARN_EMPTY_BODY = YES;
				CLANG_WARN_ENUM_CONVERSION = YES;
				CLANG_WARN_INFINITE_RECURSION = YES;
				CLANG_WARN_INT_CONVERSION = YES;
				CLANG_WARN_NON_LITERAL_NULL_CONVERSION = YES;
				CLANG_WARN_OBJC_IMPLICIT_RETAIN_SELF = YES;
				CLANG_WARN_OBJC_LITERAL_CONVERSION = YES;
				CLANG_WARN_OBJC_ROOT_CLASS = YES_ERROR;
				CLANG_WARN_RANGE_LOOP_ANALYSIS = YES;
				CLANG_WARN_STRICT_PROTOTYPES = YES;
				CLANG_WARN_SUSPICIOUS_MOVE = YES;
				CLANG_WARN_UNGUARDED_AVAILABILITY = YES_AGGRESSIVE;
				CLANG_WARN_UNREACHABLE_CODE = YES;
				CLANG_WARN__DUPLICATE_METHOD_MATCH = YES;
				COPY_PHASE_STRIP = NO;
				DEBUG_INFORMATION_FORMAT = dwarf;
				ENABLE_STRICT_OBJC_MSGSEND = YES;
				ENABLE_TESTABILITY = YES;
				GCC_C_LANGUAGE_STANDARD = gnu11;
				GCC_DYNAMIC_NO_PIC = NO;
				GCC_NO_COMMON_BLOCKS = YES;
				GCC_OPTIMIZATION_LEVEL = 0;
				GCC_PREPROCESSOR_DEFINITIONS = (
					"DEBUG=1",
					"$(inherited)",
				);
				GCC_WARN_64_TO_32_BIT_CONVERSION = YES;
				GCC_WARN_ABOUT_RETURN_TYPE = YES_ERROR;
				GCC_WARN_UNDECLARED_SELECTOR = YES;
				GCC_WARN_UNINITIALIZED_AUTOS = YES_AGGRESSIVE;
				GCC_WARN_UNUSED_FUNCTION = YES;
				GCC_WARN_UNUSED_VARIABLE = YES;
				IPHONEOS_DEPLOYMENT_TARGET = 13.2;
				MTL_ENABLE_DEBUG_INFO = INCLUDE_SOURCE;
				MTL_FAST_MATH = YES;
				ONLY_ACTIVE_ARCH = YES;
				SDKROOT = iphoneos;
				SWIFT_ACTIVE_COMPILATION_CONDITIONS = DEBUG;
				SWIFT_OPTIMIZATION_LEVEL = "-Onone";
			};
			name = Debug;
		};
		969EB14E238DBE1C00A0AF9C /* Release */ = {
			isa = XCBuildConfiguration;
			buildSettings = {
				ALWAYS_SEARCH_USER_PATHS = NO;
				CLANG_ANALYZER_NONNULL = YES;
				CLANG_ANALYZER_NUMBER_OBJECT_CONVERSION = YES_AGGRESSIVE;
				CLANG_CXX_LANGUAGE_STANDARD = "gnu++14";
				CLANG_CXX_LIBRARY = "libc++";
				CLANG_ENABLE_MODULES = YES;
				CLANG_ENABLE_OBJC_ARC = YES;
				CLANG_ENABLE_OBJC_WEAK = YES;
				CLANG_WARN_BLOCK_CAPTURE_AUTORELEASING = YES;
				CLANG_WARN_BOOL_CONVERSION = YES;
				CLANG_WARN_COMMA = YES;
				CLANG_WARN_CONSTANT_CONVERSION = YES;
				CLANG_WARN_DEPRECATED_OBJC_IMPLEMENTATIONS = YES;
				CLANG_WARN_DIRECT_OBJC_ISA_USAGE = YES_ERROR;
				CLANG_WARN_DOCUMENTATION_COMMENTS = YES;
				CLANG_WARN_EMPTY_BODY = YES;
				CLANG_WARN_ENUM_CONVERSION = YES;
				CLANG_WARN_INFINITE_RECURSION = YES;
				CLANG_WARN_INT_CONVERSION = YES;
				CLANG_WARN_NON_LITERAL_NULL_CONVERSION = YES;
				CLANG_WARN_OBJC_IMPLICIT_RETAIN_SELF = YES;
				CLANG_WARN_OBJC_LITERAL_CONVERSION = YES;
				CLANG_WARN_OBJC_ROOT_CLASS = YES_ERROR;
				CLANG_WARN_RANGE_LOOP_ANALYSIS = YES;
				CLANG_WARN_STRICT_PROTOTYPES = YES;
				CLANG_WARN_SUSPICIOUS_MOVE = YES;
				CLANG_WARN_UNGUARDED_AVAILABILITY = YES_AGGRESSIVE;
				CLANG_WARN_UNREACHABLE_CODE = YES;
				CLANG_WARN__DUPLICATE_METHOD_MATCH = YES;
				COPY_PHASE_STRIP = NO;
				DEBUG_INFORMATION_FORMAT = "dwarf-with-dsym";
				ENABLE_NS_ASSERTIONS = NO;
				ENABLE_STRICT_OBJC_MSGSEND = YES;
				GCC_C_LANGUAGE_STANDARD = gnu11;
				GCC_NO_COMMON_BLOCKS = YES;
				GCC_WARN_64_TO_32_BIT_CONVERSION = YES;
				GCC_WARN_ABOUT_RETURN_TYPE = YES_ERROR;
				GCC_WARN_UNDECLARED_SELECTOR = YES;
				GCC_WARN_UNINITIALIZED_AUTOS = YES_AGGRESSIVE;
				GCC_WARN_UNUSED_FUNCTION = YES;
				GCC_WARN_UNUSED_VARIABLE = YES;
				IPHONEOS_DEPLOYMENT_TARGET = 13.2;
				MTL_ENABLE_DEBUG_INFO = NO;
				MTL_FAST_MATH = YES;
				SDKROOT = iphoneos;
				SWIFT_COMPILATION_MODE = wholemodule;
				SWIFT_OPTIMIZATION_LEVEL = "-O";
				VALIDATE_PRODUCT = YES;
			};
			name = Release;
		};
		969EB150238DBE1C00A0AF9C /* Debug */ = {
			isa = XCBuildConfiguration;
			baseConfigurationReference = 0C9D9DA05F8DBE0EE8A1D24A /* Pods-Todoey.debug.xcconfig */;
			buildSettings = {
				ASSETCATALOG_COMPILER_APPICON_NAME = AppIcon;
				CODE_SIGN_STYLE = Automatic;
				DEVELOPMENT_TEAM = BPMY5W8AZ6;
				INFOPLIST_FILE = Todoey/Info.plist;
				LD_RUNPATH_SEARCH_PATHS = (
					"$(inherited)",
					"@executable_path/Frameworks",
				);
				PRODUCT_BUNDLE_IDENTIFIER = com.jasonbronson.Todoey;
				PRODUCT_NAME = "$(TARGET_NAME)";
				SWIFT_VERSION = 5.0;
				TARGETED_DEVICE_FAMILY = "1,2";
			};
			name = Debug;
		};
		969EB151238DBE1C00A0AF9C /* Release */ = {
			isa = XCBuildConfiguration;
			baseConfigurationReference = 60693E82529097ADF1AEEA21 /* Pods-Todoey.release.xcconfig */;
			buildSettings = {
				ASSETCATALOG_COMPILER_APPICON_NAME = AppIcon;
				CODE_SIGN_STYLE = Automatic;
				DEVELOPMENT_TEAM = BPMY5W8AZ6;
				INFOPLIST_FILE = Todoey/Info.plist;
				LD_RUNPATH_SEARCH_PATHS = (
					"$(inherited)",
					"@executable_path/Frameworks",
				);
				PRODUCT_BUNDLE_IDENTIFIER = com.jasonbronson.Todoey;
				PRODUCT_NAME = "$(TARGET_NAME)";
				SWIFT_VERSION = 5.0;
				TARGETED_DEVICE_FAMILY = "1,2";
			};
			name = Release;
		};
/* End XCBuildConfiguration section */

/* Begin XCConfigurationList section */
		969EB136238DBE1A00A0AF9C /* Build configuration list for PBXProject "Todoey" */ = {
			isa = XCConfigurationList;
			buildConfigurations = (
				969EB14D238DBE1C00A0AF9C /* Debug */,
				969EB14E238DBE1C00A0AF9C /* Release */,
			);
			defaultConfigurationIsVisible = 0;
			defaultConfigurationName = Release;
		};
		969EB14F238DBE1C00A0AF9C /* Build configuration list for PBXNativeTarget "Todoey" */ = {
			isa = XCConfigurationList;
			buildConfigurations = (
				969EB150238DBE1C00A0AF9C /* Debug */,
				969EB151238DBE1C00A0AF9C /* Release */,
			);
			defaultConfigurationIsVisible = 0;
			defaultConfigurationName = Release;
		};
/* End XCConfigurationList section */

/* Begin XCVersionGroup section */
		96A2BD672395A68E00BFA485 /* DataModel.xcdatamodeld */ = {
			isa = XCVersionGroup;
			children = (
				96A2BD682395A68E00BFA485 /* DataModel.xcdatamodel */,
			);
			currentVersion = 96A2BD682395A68E00BFA485 /* DataModel.xcdatamodel */;
			path = DataModel.xcdatamodeld;
			sourceTree = "<group>";
			versionGroupType = wrapper.xcdatamodel;
		};
/* End XCVersionGroup section */
	};
	rootObject = 969EB133238DBE1A00A0AF9C /* Project object */;
}
